
Microsoft Visual Studio Solution File, Format Version 12.00
# Visual Studio 2013
VisualStudioVersion = 12.0.21005.1
MinimumVisualStudioVersion = 10.0.40219.1
Project("{FAE04EC0-301F-11D3-BF4B-00C04F79EFBC}") = "FileReadWriteTesting", "FileReadWriteTesting\FileReadWriteTesting.csproj", "{DC80DA44-8F48-46D6-88AB-5114C4A96358}"
EndProject
Global
	GlobalSection(SolutionConfigurationPlatforms) = preSolution
		Debug|Any CPU = Debug|Any CPU
		Release|Any CPU = Release|Any CPU
	EndGlobalSection
	GlobalSection(ProjectConfigurationPlatforms) = postSolution
		{DC80DA44-8F48-46D6-88AB-5114C4A96358}.Debug|Any CPU.ActiveCfg = Debug|Any CPU
		{DC80DA44-8F48-46D6-88AB-5114C4A96358}.Debug|Any CPU.Build.0 = Debug|Any CPU
		{DC80DA44-8F48-46D6-88AB-5114C4A96358}.Release|Any CPU.ActiveCfg = Release|Any CPU
		{DC80DA44-8F48-46D6-88AB-5114C4A96358}.Release|Any CPU.Build.0 = Release|Any CPU
	EndGlobalSection
	GlobalSection(SolutionProperties) = preSolution
		HideSolutionNode = FALSE
	EndGlobalSection
EndGlobal
